
Microsoft Visual Studio Solution File, Format Version 12.00
# Visual Studio Version 16
VisualStudioVersion = 16.0.29324.140
MinimumVisualStudioVersion = 10.0.40219.1
Project("{2150E333-8FDC-42A3-9474-1A3956D46DE8}") = "Src", "Src", "{026045F4-A762-4F41-9675-F4E16F3370EB}"
EndProject
Project("{2150E333-8FDC-42A3-9474-1A3956D46DE8}") = "Tests", "Tests", "{CD60B6E5-134C-45F4-BCA0-2D9ECE4F40E3}"
EndProject
Project("{2150E333-8FDC-42A3-9474-1A3956D46DE8}") = "Core", "Core", "{603D2CAC-D72C-4A7B-BD39-E111EB421337}"
EndProject
Project("{2150E333-8FDC-42A3-9474-1A3956D46DE8}") = "Infrastructure", "Infrastructure", "{F26BEB71-A0EB-4450-BDC8-842CC132754F}"
EndProject
Project("{2150E333-8FDC-42A3-9474-1A3956D46DE8}") = "Presentation", "Presentation", "{D7956093-76AE-44FF-A5E6-2E4259520817}"
EndProject
Project("{9A19103F-16F7-4668-BE54-9A1E7A4F7556}") = "Application", "Backend\Src\Core\Application\Application.csproj", "{1F3F1A1A-DC61-4658-A33B-9871BE0AE891}"
EndProject
Project("{9A19103F-16F7-4668-BE54-9A1E7A4F7556}") = "Common", "Backend\Src\Core\Common\Common.csproj", "{5F72B692-C0A8-4FBA-A0F2-026D80BB3D7A}"
EndProject
Project("{9A19103F-16F7-4668-BE54-9A1E7A4F7556}") = "Domain", "Backend\Src\Core\Domain\Domain.csproj", "{9A24B115-8BD0-4BE6-B214-302ACFBAFA4E}"
EndProject
Project("{9A19103F-16F7-4668-BE54-9A1E7A4F7556}") = "Persistence", "Backend\Src\Infrastructure\Persistence\Persistence.csproj", "{FE74BA93-09E6-49BB-BB60-0C73D6BBE62C}"
EndProject
Project("{9A19103F-16F7-4668-BE54-9A1E7A4F7556}") = "Infrastructure", "Backend\Src\Infrastructure\Infrastructure\Infrastructure.csproj", "{5313A638-AE22-44FB-83D8-7B66AB5FD535}"
EndProject
Project("{9A19103F-16F7-4668-BE54-9A1E7A4F7556}") = "WebApi", "Backend\Src\Presentation\WebApi\WebApi.csproj", "{3509992F-FA99-49CC-ABBF-426AF8962F14}"
EndProject
Project("{E53339B2-1760-4266-BCC7-CA923CBCF16C}") = "docker-compose", "docker-compose.dcproj", "{49178B23-5C2A-4F5D-A349-A7D712F54090}"
EndProject
Project("{9A19103F-16F7-4668-BE54-9A1E7A4F7556}") = "ApiGateway", "ApiGateway\ApiGateway.csproj", "{572AD35D-7F50-4904-99D7-6B12C8DD2E40}"
EndProject
Project("{2150E333-8FDC-42A3-9474-1A3956D46DE8}") = "Backend", "Backend", "{CC1681AE-1C38-4C68-B160-76E17AEA1C79}"
EndProject
Global
	GlobalSection(SolutionConfigurationPlatforms) = preSolution
		Debug|Any CPU = Debug|Any CPU
		Release|Any CPU = Release|Any CPU
	EndGlobalSection
	GlobalSection(ProjectConfigurationPlatforms) = postSolution
		{1F3F1A1A-DC61-4658-A33B-9871BE0AE891}.Debug|Any CPU.ActiveCfg = Debug|Any CPU
		{1F3F1A1A-DC61-4658-A33B-9871BE0AE891}.Debug|Any CPU.Build.0 = Debug|Any CPU
		{1F3F1A1A-DC61-4658-A33B-9871BE0AE891}.Release|Any CPU.ActiveCfg = Release|Any CPU
		{1F3F1A1A-DC61-4658-A33B-9871BE0AE891}.Release|Any CPU.Build.0 = Release|Any CPU
		{5F72B692-C0A8-4FBA-A0F2-026D80BB3D7A}.Debug|Any CPU.ActiveCfg = Debug|Any CPU
		{5F72B692-C0A8-4FBA-A0F2-026D80BB3D7A}.Debug|Any CPU.Build.0 = Debug|Any CPU
		{5F72B692-C0A8-4FBA-A0F2-026D80BB3D7A}.Release|Any CPU.ActiveCfg = Release|Any CPU
		{5F72B692-C0A8-4FBA-A0F2-026D80BB3D7A}.Release|Any CPU.Build.0 = Release|Any CPU
		{9A24B115-8BD0-4BE6-B214-302ACFBAFA4E}.Debug|Any CPU.ActiveCfg = Debug|Any CPU
		{9A24B115-8BD0-4BE6-B214-302ACFBAFA4E}.Debug|Any CPU.Build.0 = Debug|Any CPU
		{9A24B115-8BD0-4BE6-B214-302ACFBAFA4E}.Release|Any CPU.ActiveCfg = Release|Any CPU
		{9A24B115-8BD0-4BE6-B214-302ACFBAFA4E}.Release|Any CPU.Build.0 = Release|Any CPU
		{FE74BA93-09E6-49BB-BB60-0C73D6BBE62C}.Debug|Any CPU.ActiveCfg = Debug|Any CPU
		{FE74BA93-09E6-49BB-BB60-0C73D6BBE62C}.Debug|Any CPU.Build.0 = Debug|Any CPU
		{FE74BA93-09E6-49BB-BB60-0C73D6BBE62C}.Release|Any CPU.ActiveCfg = Release|Any CPU
		{FE74BA93-09E6-49BB-BB60-0C73D6BBE62C}.Release|Any CPU.Build.0 = Release|Any CPU
		{5313A638-AE22-44FB-83D8-7B66AB5FD535}.Debug|Any CPU.ActiveCfg = Debug|Any CPU
		{5313A638-AE22-44FB-83D8-7B66AB5FD535}.Debug|Any CPU.Build.0 = Debug|Any CPU
		{5313A638-AE22-44FB-83D8-7B66AB5FD535}.Release|Any CPU.ActiveCfg = Release|Any CPU
		{5313A638-AE22-44FB-83D8-7B66AB5FD535}.Release|Any CPU.Build.0 = Release|Any CPU
		{3509992F-FA99-49CC-ABBF-426AF8962F14}.Debug|Any CPU.ActiveCfg = Debug|Any CPU
		{3509992F-FA99-49CC-ABBF-426AF8962F14}.Debug|Any CPU.Build.0 = Debug|Any CPU
		{3509992F-FA99-49CC-ABBF-426AF8962F14}.Release|Any CPU.ActiveCfg = Release|Any CPU
		{3509992F-FA99-49CC-ABBF-426AF8962F14}.Release|Any CPU.Build.0 = Release|Any CPU
		{49178B23-5C2A-4F5D-A349-A7D712F54090}.Debug|Any CPU.ActiveCfg = Debug|Any CPU
		{49178B23-5C2A-4F5D-A349-A7D712F54090}.Debug|Any CPU.Build.0 = Debug|Any CPU
		{49178B23-5C2A-4F5D-A349-A7D712F54090}.Release|Any CPU.ActiveCfg = Release|Any CPU
		{49178B23-5C2A-4F5D-A349-A7D712F54090}.Release|Any CPU.Build.0 = Release|Any CPU
		{572AD35D-7F50-4904-99D7-6B12C8DD2E40}.Debug|Any CPU.ActiveCfg = Debug|Any CPU
		{572AD35D-7F50-4904-99D7-6B12C8DD2E40}.Debug|Any CPU.Build.0 = Debug|Any CPU
		{572AD35D-7F50-4904-99D7-6B12C8DD2E40}.Release|Any CPU.ActiveCfg = Release|Any CPU
		{572AD35D-7F50-4904-99D7-6B12C8DD2E40}.Release|Any CPU.Build.0 = Release|Any CPU
	EndGlobalSection
	GlobalSection(SolutionProperties) = preSolution
		HideSolutionNode = FALSE
	EndGlobalSection
	GlobalSection(NestedProjects) = preSolution
		{026045F4-A762-4F41-9675-F4E16F3370EB} = {CC1681AE-1C38-4C68-B160-76E17AEA1C79}
		{CD60B6E5-134C-45F4-BCA0-2D9ECE4F40E3} = {CC1681AE-1C38-4C68-B160-76E17AEA1C79}
		{603D2CAC-D72C-4A7B-BD39-E111EB421337} = {026045F4-A762-4F41-9675-F4E16F3370EB}
		{F26BEB71-A0EB-4450-BDC8-842CC132754F} = {026045F4-A762-4F41-9675-F4E16F3370EB}
		{D7956093-76AE-44FF-A5E6-2E4259520817} = {026045F4-A762-4F41-9675-F4E16F3370EB}
		{1F3F1A1A-DC61-4658-A33B-9871BE0AE891} = {603D2CAC-D72C-4A7B-BD39-E111EB421337}
		{5F72B692-C0A8-4FBA-A0F2-026D80BB3D7A} = {603D2CAC-D72C-4A7B-BD39-E111EB421337}
		{9A24B115-8BD0-4BE6-B214-302ACFBAFA4E} = {603D2CAC-D72C-4A7B-BD39-E111EB421337}
		{FE74BA93-09E6-49BB-BB60-0C73D6BBE62C} = {F26BEB71-A0EB-4450-BDC8-842CC132754F}
		{5313A638-AE22-44FB-83D8-7B66AB5FD535} = {F26BEB71-A0EB-4450-BDC8-842CC132754F}
		{3509992F-FA99-49CC-ABBF-426AF8962F14} = {D7956093-76AE-44FF-A5E6-2E4259520817}
	EndGlobalSection
	GlobalSection(ExtensibilityGlobals) = postSolution
		SolutionGuid = {4189EC69-D055-42D6-9EEB-D01920E19951}
	EndGlobalSection
EndGlobal
